
Microsoft Visual Studio Solution File, Format Version 12.00
# Visual Studio 15
VisualStudioVersion = 15.0.28010.2050
MinimumVisualStudioVersion = 10.0.40219.1
Project("{FAE04EC0-301F-11D3-BF4B-00C04F79EFBC}") = "UwpSample", "UwpSample.csproj", "{7518724A-6D06-4094-8C4B-6BAF9160E9BF}"
EndProject
Global
	GlobalSection(SolutionConfigurationPlatforms) = preSolution
		Debug|ARM = Debug|ARM
		Debug|x64 = Debug|x64
		Debug|x86 = Debug|x86
		Release|ARM = Release|ARM
		Release|x64 = Release|x64
		Release|x86 = Release|x86
	EndGlobalSection
	GlobalSection(ProjectConfigurationPlatforms) = postSolution
		{7518724A-6D06-4094-8C4B-6BAF9160E9BF}.Debug|ARM.ActiveCfg = Debug|ARM
		{7518724A-6D06-4094-8C4B-6BAF9160E9BF}.Debug|ARM.Build.0 = Debug|ARM
		{7518724A-6D06-4094-8C4B-6BAF9160E9BF}.Debug|ARM.Deploy.0 = Debug|ARM
		{7518724A-6D06-4094-8C4B-6BAF9160E9BF}.Debug|x64.ActiveCfg = Debug|x64
		{7518724A-6D06-4094-8C4B-6BAF9160E9BF}.Debug|x64.Build.0 = Debug|x64
		{7518724A-6D06-4094-8C4B-6BAF9160E9BF}.Debug|x64.Deploy.0 = Debug|x64
		{7518724A-6D06-4094-8C4B-6BAF9160E9BF}.Debug|x86.ActiveCfg = Debug|x86
		{7518724A-6D06-4094-8C4B-6BAF9160E9BF}.Debug|x86.Build.0 = Debug|x86
		{7518724A-6D06-4094-8C4B-6BAF9160E9BF}.Debug|x86.Deploy.0 = Debug|x86
		{7518724A-6D06-4094-8C4B-6BAF9160E9BF}.Release|ARM.ActiveCfg = Release|ARM
		{7518724A-6D06-4094-8C4B-6BAF9160E9BF}.Release|ARM.Build.0 = Release|ARM
		{7518724A-6D06-4094-8C4B-6BAF9160E9BF}.Release|ARM.Deploy.0 = Release|ARM
		{7518724A-6D06-4094-8C4B-6BAF9160E9BF}.Release|x64.ActiveCfg = Release|x64
		{7518724A-6D06-4094-8C4B-6BAF9160E9BF}.Release|x64.Build.0 = Release|x64
		{7518724A-6D06-4094-8C4B-6BAF9160E9BF}.Release|x64.Deploy.0 = Release|x64
		{7518724A-6D06-4094-8C4B-6BAF9160E9BF}.Release|x86.ActiveCfg = Release|x86
		{7518724A-6D06-4094-8C4B-6BAF9160E9BF}.Release|x86.Build.0 = Release|x86
		{7518724A-6D06-4094-8C4B-6BAF9160E9BF}.Release|x86.Deploy.0 = Release|x86
	EndGlobalSection
	GlobalSection(SolutionProperties) = preSolution
		HideSolutionNode = FALSE
	EndGlobalSection
	GlobalSection(ExtensibilityGlobals) = postSolution
		SolutionGuid = {F18F4524-07A4-4194-B293-26C4397139CC}
	EndGlobalSection
EndGlobal
